
Microsoft Visual Studio Solution File, Format Version 12.00
# Visual Studio 14
VisualStudioVersion = 14.0.25420.1
MinimumVisualStudioVersion = 10.0.40219.1
Project("{FAE04EC0-301F-11D3-BF4B-00C04F79EFBC}") = "HelloWorld", "HelloWorld\HelloWorld.csproj", "{A764B09B-316C-4506-B1A7-2DA2A147DCF2}"
EndProject
Global
	GlobalSection(SolutionConfigurationPlatforms) = preSolution
		Debug|Any CPU = Debug|Any CPU
		Release|Any CPU = Release|Any CPU
	EndGlobalSection
	GlobalSection(ProjectConfigurationPlatforms) = postSolution
		{A764B09B-316C-4506-B1A7-2DA2A147DCF2}.Debug|Any CPU.ActiveCfg = Debug|Any CPU
		{A764B09B-316C-4506-B1A7-2DA2A147DCF2}.Debug|Any CPU.Build.0 = Debug|Any CPU
		{A764B09B-316C-4506-B1A7-2DA2A147DCF2}.Release|Any CPU.ActiveCfg = Release|Any CPU
		{A764B09B-316C-4506-B1A7-2DA2A147DCF2}.Release|Any CPU.Build.0 = Release|Any CPU
	EndGlobalSection
	GlobalSection(SolutionProperties) = preSolution
		HideSolutionNode = FALSE
	EndGlobalSection
EndGlobal
